
Microsoft Visual Studio Solution File, Format Version 12.00
# Visual Studio Version 16
VisualStudioVersion = 25.0.1706.6
MinimumVisualStudioVersion = 10.0.40219.1
Project("{FAE04EC0-301F-11D3-BF4B-00C04F79EFBC}") = "AdventOfCode2022", "AdventOfCode2022.csproj", "{04F3BFDD-3AC6-48B1-8623-8B01DFACD8C3}"
EndProject
Global
	GlobalSection(SolutionConfigurationPlatforms) = preSolution
		Debug|Any CPU = Debug|Any CPU
		Release|Any CPU = Release|Any CPU
	EndGlobalSection
	GlobalSection(ProjectConfigurationPlatforms) = postSolution
		{04F3BFDD-3AC6-48B1-8623-8B01DFACD8C3}.Debug|Any CPU.ActiveCfg = Debug|Any CPU
		{04F3BFDD-3AC6-48B1-8623-8B01DFACD8C3}.Debug|Any CPU.Build.0 = Debug|Any CPU
		{04F3BFDD-3AC6-48B1-8623-8B01DFACD8C3}.Release|Any CPU.ActiveCfg = Release|Any CPU
		{04F3BFDD-3AC6-48B1-8623-8B01DFACD8C3}.Release|Any CPU.Build.0 = Release|Any CPU
	EndGlobalSection
	GlobalSection(SolutionProperties) = preSolution
		HideSolutionNode = FALSE
	EndGlobalSection
	GlobalSection(ExtensibilityGlobals) = postSolution
		SolutionGuid = {EE8528B4-3B5F-41C2-B190-E4182915F946}
	EndGlobalSection
EndGlobal
